
Microsoft Visual Studio Solution File, Format Version 12.00
# Visual Studio Version 16
VisualStudioVersion = 16.0.31624.102
MinimumVisualStudioVersion = 10.0.40219.1
Project("{FAE04EC0-301F-11D3-BF4B-00C04F79EFBC}") = "lab4.2", "lab4.2.csproj", "{F58611EA-B175-4B80-ADB7-60689D8CC198}"
EndProject
Global
	GlobalSection(SolutionConfigurationPlatforms) = preSolution
		Debug|Any CPU = Debug|Any CPU
		Release|Any CPU = Release|Any CPU
	EndGlobalSection
	GlobalSection(ProjectConfigurationPlatforms) = postSolution
		{F58611EA-B175-4B80-ADB7-60689D8CC198}.Debug|Any CPU.ActiveCfg = Debug|Any CPU
		{F58611EA-B175-4B80-ADB7-60689D8CC198}.Debug|Any CPU.Build.0 = Debug|Any CPU
		{F58611EA-B175-4B80-ADB7-60689D8CC198}.Release|Any CPU.ActiveCfg = Release|Any CPU
		{F58611EA-B175-4B80-ADB7-60689D8CC198}.Release|Any CPU.Build.0 = Release|Any CPU
	EndGlobalSection
	GlobalSection(SolutionProperties) = preSolution
		HideSolutionNode = FALSE
	EndGlobalSection
	GlobalSection(ExtensibilityGlobals) = postSolution
		SolutionGuid = {BB699A5E-9A16-4A7A-B743-055238805488}
	EndGlobalSection
EndGlobal
